// !$*UTF8*$!
{
	archiveVersion = 1;
	classes = {
	};
	objectVersion = 56;
	objects = {

/* Begin PBXBuildFile section */
		065E49022A57A38F00186F84 /* AppDelegate.swift in Sources */ = {isa = PBXBuildFile; fileRef = 065E49012A57A38F00186F84 /* AppDelegate.swift */; };
		065E49042A57A38F00186F84 /* SceneDelegate.swift in Sources */ = {isa = PBXBuildFile; fileRef = 065E49032A57A38F00186F84 /* SceneDelegate.swift */; };
		065E49062A57A38F00186F84 /* RMTabViewController.swift in Sources */ = {isa = PBXBuildFile; fileRef = 065E49052A57A38F00186F84 /* RMTabViewController.swift */; };
		065E490B2A57A39100186F84 /* Assets.xcassets in Resources */ = {isa = PBXBuildFile; fileRef = 065E490A2A57A39100186F84 /* Assets.xcassets */; };
		065E490E2A57A39100186F84 /* LaunchScreen.storyboard in Resources */ = {isa = PBXBuildFile; fileRef = 065E490C2A57A39100186F84 /* LaunchScreen.storyboard */; };
		065E491D2A57A72C00186F84 /* RMLocation.swift in Sources */ = {isa = PBXBuildFile; fileRef = 065E491C2A57A72C00186F84 /* RMLocation.swift */; };
		065E491F2A57A74000186F84 /* RMCharacter.swift in Sources */ = {isa = PBXBuildFile; fileRef = 065E491E2A57A74000186F84 /* RMCharacter.swift */; };
		065E49212A57A75700186F84 /* RMEpisode.swift in Sources */ = {isa = PBXBuildFile; fileRef = 065E49202A57A75700186F84 /* RMEpisode.swift */; };
		065E49242A57A82200186F84 /* RMCharacterViewController.swift in Sources */ = {isa = PBXBuildFile; fileRef = 065E49232A57A82200186F84 /* RMCharacterViewController.swift */; };
		065E49262A57A83900186F84 /* RMLocationViewController.swift in Sources */ = {isa = PBXBuildFile; fileRef = 065E49252A57A83900186F84 /* RMLocationViewController.swift */; };
		065E49282A57A85700186F84 /* RMEpisodeViewController.swift in Sources */ = {isa = PBXBuildFile; fileRef = 065E49272A57A85700186F84 /* RMEpisodeViewController.swift */; };
		065E492A2A57A86700186F84 /* RMSettingsViewController.swift in Sources */ = {isa = PBXBuildFile; fileRef = 065E49292A57A86700186F84 /* RMSettingsViewController.swift */; };
		065E492C2A58878100186F84 /* RMService.swift in Sources */ = {isa = PBXBuildFile; fileRef = 065E492B2A58878100186F84 /* RMService.swift */; };
		065E492E2A5887A600186F84 /* RMRequest.swift in Sources */ = {isa = PBXBuildFile; fileRef = 065E492D2A5887A600186F84 /* RMRequest.swift */; };
		065E49302A5888F200186F84 /* RMEndpoint.swift in Sources */ = {isa = PBXBuildFile; fileRef = 065E492F2A5888F200186F84 /* RMEndpoint.swift */; };
		065E49322A5890D000186F84 /* RMOrigin.swift in Sources */ = {isa = PBXBuildFile; fileRef = 065E49312A5890D000186F84 /* RMOrigin.swift */; };
		065E49342A58916C00186F84 /* RMSingleLocation.swift in Sources */ = {isa = PBXBuildFile; fileRef = 065E49332A58916C00186F84 /* RMSingleLocation.swift */; };
		065E49362A58930200186F84 /* RMCharacterStatus.swift in Sources */ = {isa = PBXBuildFile; fileRef = 065E49352A58930200186F84 /* RMCharacterStatus.swift */; };
		065E49382A58936700186F84 /* RMCharacterGender.swift in Sources */ = {isa = PBXBuildFile; fileRef = 065E49372A58936700186F84 /* RMCharacterGender.swift */; };
		065E493C2A59D26E00186F84 /* RMGetAllCharactersResponse.swift in Sources */ = {isa = PBXBuildFile; fileRef = 065E493B2A59D26E00186F84 /* RMGetAllCharactersResponse.swift */; };
		065E493E2A5A23B600186F84 /* RMCharacterListViewViewModel.swift in Sources */ = {isa = PBXBuildFile; fileRef = 065E493D2A5A23B600186F84 /* RMCharacterListViewViewModel.swift */; };
		065E49402A5A245400186F84 /* RMCharacterListView.swift in Sources */ = {isa = PBXBuildFile; fileRef = 065E493F2A5A245400186F84 /* RMCharacterListView.swift */; };
		065E49422A5A2C8100186F84 /* Extensions.swift in Sources */ = {isa = PBXBuildFile; fileRef = 065E49412A5A2C8100186F84 /* Extensions.swift */; };
		0682069F2A6F5D73005673FB /* RMCharacterCollectionViewCell.swift in Sources */ = {isa = PBXBuildFile; fileRef = 0682069E2A6F5D73005673FB /* RMCharacterCollectionViewCell.swift */; };
		068206A12A6F5FC2005673FB /* RMCharacterCollectionViewCellViewModel.swift in Sources */ = {isa = PBXBuildFile; fileRef = 068206A02A6F5FC2005673FB /* RMCharacterCollectionViewCellViewModel.swift */; };
/* End PBXBuildFile section */

/* Begin PBXFileReference section */
		065E48FE2A57A38F00186F84 /* RickAndMorty.app */ = {isa = PBXFileReference; explicitFileType = wrapper.application; includeInIndex = 0; path = RickAndMorty.app; sourceTree = BUILT_PRODUCTS_DIR; };
		065E49012A57A38F00186F84 /* AppDelegate.swift */ = {isa = PBXFileReference; lastKnownFileType = sourcecode.swift; path = AppDelegate.swift; sourceTree = "<group>"; };
		065E49032A57A38F00186F84 /* SceneDelegate.swift */ = {isa = PBXFileReference; lastKnownFileType = sourcecode.swift; path = SceneDelegate.swift; sourceTree = "<group>"; };
		065E49052A57A38F00186F84 /* RMTabViewController.swift */ = {isa = PBXFileReference; lastKnownFileType = sourcecode.swift; path = RMTabViewController.swift; sourceTree = "<group>"; };
		065E490A2A57A39100186F84 /* Assets.xcassets */ = {isa = PBXFileReference; lastKnownFileType = folder.assetcatalog; path = Assets.xcassets; sourceTree = "<group>"; };
		065E490D2A57A39100186F84 /* Base */ = {isa = PBXFileReference; lastKnownFileType = file.storyboard; name = Base; path = Base.lproj/LaunchScreen.storyboard; sourceTree = "<group>"; };
		065E490F2A57A39100186F84 /* Info.plist */ = {isa = PBXFileReference; lastKnownFileType = text.plist.xml; path = Info.plist; sourceTree = "<group>"; };
		065E491C2A57A72C00186F84 /* RMLocation.swift */ = {isa = PBXFileReference; lastKnownFileType = sourcecode.swift; path = RMLocation.swift; sourceTree = "<group>"; };
		065E491E2A57A74000186F84 /* RMCharacter.swift */ = {isa = PBXFileReference; lastKnownFileType = sourcecode.swift; path = RMCharacter.swift; sourceTree = "<group>"; };
		065E49202A57A75700186F84 /* RMEpisode.swift */ = {isa = PBXFileReference; lastKnownFileType = sourcecode.swift; path = RMEpisode.swift; sourceTree = "<group>"; };
		065E49232A57A82200186F84 /* RMCharacterViewController.swift */ = {isa = PBXFileReference; lastKnownFileType = sourcecode.swift; path = RMCharacterViewController.swift; sourceTree = "<group>"; };
		065E49252A57A83900186F84 /* RMLocationViewController.swift */ = {isa = PBXFileReference; lastKnownFileType = sourcecode.swift; path = RMLocationViewController.swift; sourceTree = "<group>"; };
		065E49272A57A85700186F84 /* RMEpisodeViewController.swift */ = {isa = PBXFileReference; lastKnownFileType = sourcecode.swift; path = RMEpisodeViewController.swift; sourceTree = "<group>"; };
		065E49292A57A86700186F84 /* RMSettingsViewController.swift */ = {isa = PBXFileReference; lastKnownFileType = sourcecode.swift; path = RMSettingsViewController.swift; sourceTree = "<group>"; };
		065E492B2A58878100186F84 /* RMService.swift */ = {isa = PBXFileReference; lastKnownFileType = sourcecode.swift; path = RMService.swift; sourceTree = "<group>"; };
		065E492D2A5887A600186F84 /* RMRequest.swift */ = {isa = PBXFileReference; lastKnownFileType = sourcecode.swift; path = RMRequest.swift; sourceTree = "<group>"; };
		065E492F2A5888F200186F84 /* RMEndpoint.swift */ = {isa = PBXFileReference; lastKnownFileType = sourcecode.swift; path = RMEndpoint.swift; sourceTree = "<group>"; };
		065E49312A5890D000186F84 /* RMOrigin.swift */ = {isa = PBXFileReference; lastKnownFileType = sourcecode.swift; path = RMOrigin.swift; sourceTree = "<group>"; };
		065E49332A58916C00186F84 /* RMSingleLocation.swift */ = {isa = PBXFileReference; lastKnownFileType = sourcecode.swift; path = RMSingleLocation.swift; sourceTree = "<group>"; };
		065E49352A58930200186F84 /* RMCharacterStatus.swift */ = {isa = PBXFileReference; lastKnownFileType = sourcecode.swift; path = RMCharacterStatus.swift; sourceTree = "<group>"; };
		065E49372A58936700186F84 /* RMCharacterGender.swift */ = {isa = PBXFileReference; lastKnownFileType = sourcecode.swift; path = RMCharacterGender.swift; sourceTree = "<group>"; };
		065E493B2A59D26E00186F84 /* RMGetAllCharactersResponse.swift */ = {isa = PBXFileReference; lastKnownFileType = sourcecode.swift; path = RMGetAllCharactersResponse.swift; sourceTree = "<group>"; };
		065E493D2A5A23B600186F84 /* RMCharacterListViewViewModel.swift */ = {isa = PBXFileReference; lastKnownFileType = sourcecode.swift; path = RMCharacterListViewViewModel.swift; sourceTree = "<group>"; };
		065E493F2A5A245400186F84 /* RMCharacterListView.swift */ = {isa = PBXFileReference; lastKnownFileType = sourcecode.swift; path = RMCharacterListView.swift; sourceTree = "<group>"; };
		065E49412A5A2C8100186F84 /* Extensions.swift */ = {isa = PBXFileReference; lastKnownFileType = sourcecode.swift; path = Extensions.swift; sourceTree = "<group>"; };
		0682069E2A6F5D73005673FB /* RMCharacterCollectionViewCell.swift */ = {isa = PBXFileReference; lastKnownFileType = sourcecode.swift; path = RMCharacterCollectionViewCell.swift; sourceTree = "<group>"; };
		068206A02A6F5FC2005673FB /* RMCharacterCollectionViewCellViewModel.swift */ = {isa = PBXFileReference; lastKnownFileType = sourcecode.swift; path = RMCharacterCollectionViewCellViewModel.swift; sourceTree = "<group>"; };
/* End PBXFileReference section */

/* Begin PBXFrameworksBuildPhase section */
		065E48FB2A57A38F00186F84 /* Frameworks */ = {
			isa = PBXFrameworksBuildPhase;
			buildActionMask = 2147483647;
			files = (
			);
			runOnlyForDeploymentPostprocessing = 0;
		};
/* End PBXFrameworksBuildPhase section */

/* Begin PBXGroup section */
		065E48F52A57A38F00186F84 = {
			isa = PBXGroup;
			children = (
				065E49002A57A38F00186F84 /* RickAndMorty */,
				065E48FF2A57A38F00186F84 /* Products */,
			);
			sourceTree = "<group>";
		};
		065E48FF2A57A38F00186F84 /* Products */ = {
			isa = PBXGroup;
			children = (
				065E48FE2A57A38F00186F84 /* RickAndMorty.app */,
			);
			name = Products;
			sourceTree = "<group>";
		};
		065E49002A57A38F00186F84 /* RickAndMorty */ = {
			isa = PBXGroup;
			children = (
				065E491B2A57A68B00186F84 /* Resources */,
				065E491A2A57A68300186F84 /* Managers */,
				065E49192A57A67700186F84 /* APIClient */,
				065E49182A57A66A00186F84 /* ViewModels */,
				065E49172A57A65F00186F84 /* Views */,
				065E49162A57A65900186F84 /* Models */,
				065E49152A57A63900186F84 /* Controllers */,
				065E490F2A57A39100186F84 /* Info.plist */,
			);
			path = RickAndMorty;
			sourceTree = "<group>";
		};
		065E49152A57A63900186F84 /* Controllers */ = {
			isa = PBXGroup;
			children = (
				065E49222A57A7C500186F84 /* Core */,
			);
			path = Controllers;
			sourceTree = "<group>";
		};
		065E49162A57A65900186F84 /* Models */ = {
			isa = PBXGroup;
			children = (
				065E493A2A59D23500186F84 /* APIResponseTypes */,
				065E49392A59D22100186F84 /* DataTypes */,
			);
			path = Models;
			sourceTree = "<group>";
		};
		065E49172A57A65F00186F84 /* Views */ = {
			isa = PBXGroup;
			children = (
				065E493F2A5A245400186F84 /* RMCharacterListView.swift */,
				0682069E2A6F5D73005673FB /* RMCharacterCollectionViewCell.swift */,
			);
			path = Views;
			sourceTree = "<group>";
		};
		065E49182A57A66A00186F84 /* ViewModels */ = {
			isa = PBXGroup;
			children = (
				065E493D2A5A23B600186F84 /* RMCharacterListViewViewModel.swift */,
				068206A02A6F5FC2005673FB /* RMCharacterCollectionViewCellViewModel.swift */,
			);
			path = ViewModels;
			sourceTree = "<group>";
		};
		065E49192A57A67700186F84 /* APIClient */ = {
			isa = PBXGroup;
			children = (
				065E492B2A58878100186F84 /* RMService.swift */,
				065E492D2A5887A600186F84 /* RMRequest.swift */,
				065E492F2A5888F200186F84 /* RMEndpoint.swift */,
			);
			path = APIClient;
			sourceTree = "<group>";
		};
		065E491A2A57A68300186F84 /* Managers */ = {
			isa = PBXGroup;
			children = (
			);
			path = Managers;
			sourceTree = "<group>";
		};
		065E491B2A57A68B00186F84 /* Resources */ = {
			isa = PBXGroup;
			children = (
				065E490A2A57A39100186F84 /* Assets.xcassets */,
				065E490C2A57A39100186F84 /* LaunchScreen.storyboard */,
				065E49012A57A38F00186F84 /* AppDelegate.swift */,
				065E49032A57A38F00186F84 /* SceneDelegate.swift */,
				065E49412A5A2C8100186F84 /* Extensions.swift */,
			);
			path = Resources;
			sourceTree = "<group>";
		};
		065E49222A57A7C500186F84 /* Core */ = {
			isa = PBXGroup;
			children = (
				065E49052A57A38F00186F84 /* RMTabViewController.swift */,
				065E49232A57A82200186F84 /* RMCharacterViewController.swift */,
				065E49252A57A83900186F84 /* RMLocationViewController.swift */,
				065E49272A57A85700186F84 /* RMEpisodeViewController.swift */,
				065E49292A57A86700186F84 /* RMSettingsViewController.swift */,
			);
			path = Core;
			sourceTree = "<group>";
		};
		065E49392A59D22100186F84 /* DataTypes */ = {
			isa = PBXGroup;
			children = (
				065E491C2A57A72C00186F84 /* RMLocation.swift */,
				065E491E2A57A74000186F84 /* RMCharacter.swift */,
				065E49202A57A75700186F84 /* RMEpisode.swift */,
				065E49312A5890D000186F84 /* RMOrigin.swift */,
				065E49332A58916C00186F84 /* RMSingleLocation.swift */,
				065E49352A58930200186F84 /* RMCharacterStatus.swift */,
				065E49372A58936700186F84 /* RMCharacterGender.swift */,
			);
			path = DataTypes;
			sourceTree = "<group>";
		};
		065E493A2A59D23500186F84 /* APIResponseTypes */ = {
			isa = PBXGroup;
			children = (
				065E493B2A59D26E00186F84 /* RMGetAllCharactersResponse.swift */,
			);
			path = APIResponseTypes;
			sourceTree = "<group>";
		};
/* End PBXGroup section */

/* Begin PBXNativeTarget section */
		065E48FD2A57A38F00186F84 /* RickAndMorty */ = {
			isa = PBXNativeTarget;
			buildConfigurationList = 065E49122A57A39100186F84 /* Build configuration list for PBXNativeTarget "RickAndMorty" */;
			buildPhases = (
				065E48FA2A57A38F00186F84 /* Sources */,
				065E48FB2A57A38F00186F84 /* Frameworks */,
				065E48FC2A57A38F00186F84 /* Resources */,
			);
			buildRules = (
			);
			dependencies = (
			);
			name = RickAndMorty;
			productName = RickAndMorty;
			productReference = 065E48FE2A57A38F00186F84 /* RickAndMorty.app */;
			productType = "com.apple.product-type.application";
		};
/* End PBXNativeTarget section */

/* Begin PBXProject section */
		065E48F62A57A38F00186F84 /* Project object */ = {
			isa = PBXProject;
			attributes = {
				BuildIndependentTargetsInParallel = 1;
				LastSwiftUpdateCheck = 1430;
				LastUpgradeCheck = 1430;
				TargetAttributes = {
					065E48FD2A57A38F00186F84 = {
						CreatedOnToolsVersion = 14.3.1;
					};
				};
			};
			buildConfigurationList = 065E48F92A57A38F00186F84 /* Build configuration list for PBXProject "RickAndMorty" */;
			compatibilityVersion = "Xcode 14.0";
			developmentRegion = en;
			hasScannedForEncodings = 0;
			knownRegions = (
				en,
				Base,
			);
			mainGroup = 065E48F52A57A38F00186F84;
			productRefGroup = 065E48FF2A57A38F00186F84 /* Products */;
			projectDirPath = "";
			projectRoot = "";
			targets = (
				065E48FD2A57A38F00186F84 /* RickAndMorty */,
			);
		};
/* End PBXProject section */

/* Begin PBXResourcesBuildPhase section */
		065E48FC2A57A38F00186F84 /* Resources */ = {
			isa = PBXResourcesBuildPhase;
			buildActionMask = 2147483647;
			files = (
				065E490E2A57A39100186F84 /* LaunchScreen.storyboard in Resources */,
				065E490B2A57A39100186F84 /* Assets.xcassets in Resources */,
			);
			runOnlyForDeploymentPostprocessing = 0;
		};
/* End PBXResourcesBuildPhase section */

/* Begin PBXSourcesBuildPhase section */
		065E48FA2A57A38F00186F84 /* Sources */ = {
			isa = PBXSourcesBuildPhase;
			buildActionMask = 2147483647;
			files = (
				065E493C2A59D26E00186F84 /* RMGetAllCharactersResponse.swift in Sources */,
				065E49322A5890D000186F84 /* RMOrigin.swift in Sources */,
				065E49402A5A245400186F84 /* RMCharacterListView.swift in Sources */,
				065E49342A58916C00186F84 /* RMSingleLocation.swift in Sources */,
				065E49362A58930200186F84 /* RMCharacterStatus.swift in Sources */,
				065E49262A57A83900186F84 /* RMLocationViewController.swift in Sources */,
				065E49062A57A38F00186F84 /* RMTabViewController.swift in Sources */,
				065E49022A57A38F00186F84 /* AppDelegate.swift in Sources */,
				065E49282A57A85700186F84 /* RMEpisodeViewController.swift in Sources */,
				0682069F2A6F5D73005673FB /* RMCharacterCollectionViewCell.swift in Sources */,
				065E49212A57A75700186F84 /* RMEpisode.swift in Sources */,
				065E49382A58936700186F84 /* RMCharacterGender.swift in Sources */,
				065E49042A57A38F00186F84 /* SceneDelegate.swift in Sources */,
				065E492A2A57A86700186F84 /* RMSettingsViewController.swift in Sources */,
				065E49422A5A2C8100186F84 /* Extensions.swift in Sources */,
				065E492C2A58878100186F84 /* RMService.swift in Sources */,
				065E491D2A57A72C00186F84 /* RMLocation.swift in Sources */,
				065E49302A5888F200186F84 /* RMEndpoint.swift in Sources */,
				065E491F2A57A74000186F84 /* RMCharacter.swift in Sources */,
				068206A12A6F5FC2005673FB /* RMCharacterCollectionViewCellViewModel.swift in Sources */,
				065E492E2A5887A600186F84 /* RMRequest.swift in Sources */,
				065E493E2A5A23B600186F84 /* RMCharacterListViewViewModel.swift in Sources */,
				065E49242A57A82200186F84 /* RMCharacterViewController.swift in Sources */,
			);
			runOnlyForDeploymentPostprocessing = 0;
		};
/* End PBXSourcesBuildPhase section */

/* Begin PBXVariantGroup section */
		065E490C2A57A39100186F84 /* LaunchScreen.storyboard */ = {
			isa = PBXVariantGroup;
			children = (
				065E490D2A57A39100186F84 /* Base */,
			);
			name = LaunchScreen.storyboard;
			sourceTree = "<group>";
		};
/* End PBXVariantGroup section */

/* Begin XCBuildConfiguration section */
		065E49102A57A39100186F84 /* Debug */ = {
			isa = XCBuildConfiguration;
			buildSettings = {
				ALWAYS_SEARCH_USER_PATHS = NO;
				CLANG_ANALYZER_NONNULL = YES;
				CLANG_ANALYZER_NUMBER_OBJECT_CONVERSION = YES_AGGRESSIVE;
				CLANG_CXX_LANGUAGE_STANDARD = "gnu++20";
				CLANG_ENABLE_MODULES = YES;
				CLANG_ENABLE_OBJC_ARC = YES;
				CLANG_ENABLE_OBJC_WEAK = YES;
				CLANG_WARN_BLOCK_CAPTURE_AUTORELEASING = YES;
				CLANG_WARN_BOOL_CONVERSION = YES;
				CLANG_WARN_COMMA = YES;
				CLANG_WARN_CONSTANT_CONVERSION = YES;
				CLANG_WARN_DEPRECATED_OBJC_IMPLEMENTATIONS = YES;
				CLANG_WARN_DIRECT_OBJC_ISA_USAGE = YES_ERROR;
				CLANG_WARN_DOCUMENTATION_COMMENTS = YES;
				CLANG_WARN_EMPTY_BODY = YES;
				CLANG_WARN_ENUM_CONVERSION = YES;
				CLANG_WARN_INFINITE_RECURSION = YES;
				CLANG_WARN_INT_CONVERSION = YES;
				CLANG_WARN_NON_LITERAL_NULL_CONVERSION = YES;
				CLANG_WARN_OBJC_IMPLICIT_RETAIN_SELF = YES;
				CLANG_WARN_OBJC_LITERAL_CONVERSION = YES;
				CLANG_WARN_OBJC_ROOT_CLASS = YES_ERROR;
				CLANG_WARN_QUOTED_INCLUDE_IN_FRAMEWORK_HEADER = YES;
				CLANG_WARN_RANGE_LOOP_ANALYSIS = YES;
				CLANG_WARN_STRICT_PROTOTYPES = YES;
				CLANG_WARN_SUSPICIOUS_MOVE = YES;
				CLANG_WARN_UNGUARDED_AVAILABILITY = YES_AGGRESSIVE;
				CLANG_WARN_UNREACHABLE_CODE = YES;
				CLANG_WARN__DUPLICATE_METHOD_MATCH = YES;
				COPY_PHASE_STRIP = NO;
				DEBUG_INFORMATION_FORMAT = dwarf;
				ENABLE_STRICT_OBJC_MSGSEND = YES;
				ENABLE_TESTABILITY = YES;
				GCC_C_LANGUAGE_STANDARD = gnu11;
				GCC_DYNAMIC_NO_PIC = NO;
				GCC_NO_COMMON_BLOCKS = YES;
				GCC_OPTIMIZATION_LEVEL = 0;
				GCC_PREPROCESSOR_DEFINITIONS = (
					"DEBUG=1",
					"$(inherited)",
				);
				GCC_WARN_64_TO_32_BIT_CONVERSION = YES;
				GCC_WARN_ABOUT_RETURN_TYPE = YES_ERROR;
				GCC_WARN_UNDECLARED_SELECTOR = YES;
				GCC_WARN_UNINITIALIZED_AUTOS = YES_AGGRESSIVE;
				GCC_WARN_UNUSED_FUNCTION = YES;
				GCC_WARN_UNUSED_VARIABLE = YES;
				IPHONEOS_DEPLOYMENT_TARGET = 16.4;
				MTL_ENABLE_DEBUG_INFO = INCLUDE_SOURCE;
				MTL_FAST_MATH = YES;
				ONLY_ACTIVE_ARCH = YES;
				SDKROOT = iphoneos;
				SWIFT_ACTIVE_COMPILATION_CONDITIONS = DEBUG;
				SWIFT_OPTIMIZATION_LEVEL = "-Onone";
			};
			name = Debug;
		};
		065E49112A57A39100186F84 /* Release */ = {
			isa = XCBuildConfiguration;
			buildSettings = {
				ALWAYS_SEARCH_USER_PATHS = NO;
				CLANG_ANALYZER_NONNULL = YES;
				CLANG_ANALYZER_NUMBER_OBJECT_CONVERSION = YES_AGGRESSIVE;
				CLANG_CXX_LANGUAGE_STANDARD = "gnu++20";
				CLANG_ENABLE_MODULES = YES;
				CLANG_ENABLE_OBJC_ARC = YES;
				CLANG_ENABLE_OBJC_WEAK = YES;
				CLANG_WARN_BLOCK_CAPTURE_AUTORELEASING = YES;
				CLANG_WARN_BOOL_CONVERSION = YES;
				CLANG_WARN_COMMA = YES;
				CLANG_WARN_CONSTANT_CONVERSION = YES;
				CLANG_WARN_DEPRECATED_OBJC_IMPLEMENTATIONS = YES;
				CLANG_WARN_DIRECT_OBJC_ISA_USAGE = YES_ERROR;
				CLANG_WARN_DOCUMENTATION_COMMENTS = YES;
				CLANG_WARN_EMPTY_BODY = YES;
				CLANG_WARN_ENUM_CONVERSION = YES;
				CLANG_WARN_INFINITE_RECURSION = YES;
				CLANG_WARN_INT_CONVERSION = YES;
				CLANG_WARN_NON_LITERAL_NULL_CONVERSION = YES;
				CLANG_WARN_OBJC_IMPLICIT_RETAIN_SELF = YES;
				CLANG_WARN_OBJC_LITERAL_CONVERSION = YES;
				CLANG_WARN_OBJC_ROOT_CLASS = YES_ERROR;
				CLANG_WARN_QUOTED_INCLUDE_IN_FRAMEWORK_HEADER = YES;
				CLANG_WARN_RANGE_LOOP_ANALYSIS = YES;
				CLANG_WARN_STRICT_PROTOTYPES = YES;
				CLANG_WARN_SUSPICIOUS_MOVE = YES;
				CLANG_WARN_UNGUARDED_AVAILABILITY = YES_AGGRESSIVE;
				CLANG_WARN_UNREACHABLE_CODE = YES;
				CLANG_WARN__DUPLICATE_METHOD_MATCH = YES;
				COPY_PHASE_STRIP = NO;
				DEBUG_INFORMATION_FORMAT = "dwarf-with-dsym";
				ENABLE_NS_ASSERTIONS = NO;
				ENABLE_STRICT_OBJC_MSGSEND = YES;
				GCC_C_LANGUAGE_STANDARD = gnu11;
				GCC_NO_COMMON_BLOCKS = YES;
				GCC_WARN_64_TO_32_BIT_CONVERSION = YES;
				GCC_WARN_ABOUT_RETURN_TYPE = YES_ERROR;
				GCC_WARN_UNDECLARED_SELECTOR = YES;
				GCC_WARN_UNINITIALIZED_AUTOS = YES_AGGRESSIVE;
				GCC_WARN_UNUSED_FUNCTION = YES;
				GCC_WARN_UNUSED_VARIABLE = YES;
				IPHONEOS_DEPLOYMENT_TARGET = 16.4;
				MTL_ENABLE_DEBUG_INFO = NO;
				MTL_FAST_MATH = YES;
				SDKROOT = iphoneos;
				SWIFT_COMPILATION_MODE = wholemodule;
				SWIFT_OPTIMIZATION_LEVEL = "-O";
				VALIDATE_PRODUCT = YES;
			};
			name = Release;
		};
		065E49132A57A39100186F84 /* Debug */ = {
			isa = XCBuildConfiguration;
			buildSettings = {
				ASSETCATALOG_COMPILER_APPICON_NAME = AppIcon;
				ASSETCATALOG_COMPILER_GLOBAL_ACCENT_COLOR_NAME = AccentColor;
				CODE_SIGN_STYLE = Automatic;
				CURRENT_PROJECT_VERSION = 1;
				GENERATE_INFOPLIST_FILE = YES;
				INFOPLIST_FILE = RickAndMorty/Info.plist;
				INFOPLIST_KEY_UIApplicationSupportsIndirectInputEvents = YES;
				INFOPLIST_KEY_UILaunchStoryboardName = LaunchScreen;
				INFOPLIST_KEY_UISupportedInterfaceOrientations_iPad = "UIInterfaceOrientationPortrait UIInterfaceOrientationPortraitUpsideDown UIInterfaceOrientationLandscapeLeft UIInterfaceOrientationLandscapeRight";
				INFOPLIST_KEY_UISupportedInterfaceOrientations_iPhone = "UIInterfaceOrientationPortrait UIInterfaceOrientationLandscapeLeft UIInterfaceOrientationLandscapeRight";
				LD_RUNPATH_SEARCH_PATHS = (
					"$(inherited)",
					"@executable_path/Frameworks",
				);
				MARKETING_VERSION = 1.0;
				PRODUCT_BUNDLE_IDENTIFIER = com.fxcreations.RickAndMorty;
				PRODUCT_NAME = "$(TARGET_NAME)";
				SWIFT_EMIT_LOC_STRINGS = YES;
				SWIFT_VERSION = 5.0;
				TARGETED_DEVICE_FAMILY = "1,2";
			};
			name = Debug;
		};
		065E49142A57A39100186F84 /* Release */ = {
			isa = XCBuildConfiguration;
			buildSettings = {
				ASSETCATALOG_COMPILER_APPICON_NAME = AppIcon;
				ASSETCATALOG_COMPILER_GLOBAL_ACCENT_COLOR_NAME = AccentColor;
				CODE_SIGN_STYLE = Automatic;
				CURRENT_PROJECT_VERSION = 1;
				GENERATE_INFOPLIST_FILE = YES;
				INFOPLIST_FILE = RickAndMorty/Info.plist;
				INFOPLIST_KEY_UIApplicationSupportsIndirectInputEvents = YES;
				INFOPLIST_KEY_UILaunchStoryboardName = LaunchScreen;
				INFOPLIST_KEY_UISupportedInterfaceOrientations_iPad = "UIInterfaceOrientationPortrait UIInterfaceOrientationPortraitUpsideDown UIInterfaceOrientationLandscapeLeft UIInterfaceOrientationLandscapeRight";
				INFOPLIST_KEY_UISupportedInterfaceOrientations_iPhone = "UIInterfaceOrientationPortrait UIInterfaceOrientationLandscapeLeft UIInterfaceOrientationLandscapeRight";
				LD_RUNPATH_SEARCH_PATHS = (
					"$(inherited)",
					"@executable_path/Frameworks",
				);
				MARKETING_VERSION = 1.0;
				PRODUCT_BUNDLE_IDENTIFIER = com.fxcreations.RickAndMorty;
				PRODUCT_NAME = "$(TARGET_NAME)";
				SWIFT_EMIT_LOC_STRINGS = YES;
				SWIFT_VERSION = 5.0;
				TARGETED_DEVICE_FAMILY = "1,2";
			};
			name = Release;
		};
/* End XCBuildConfiguration section */

/* Begin XCConfigurationList section */
		065E48F92A57A38F00186F84 /* Build configuration list for PBXProject "RickAndMorty" */ = {
			isa = XCConfigurationList;
			buildConfigurations = (
				065E49102A57A39100186F84 /* Debug */,
				065E49112A57A39100186F84 /* Release */,
			);
			defaultConfigurationIsVisible = 0;
			defaultConfigurationName = Release;
		};
		065E49122A57A39100186F84 /* Build configuration list for PBXNativeTarget "RickAndMorty" */ = {
			isa = XCConfigurationList;
			buildConfigurations = (
				065E49132A57A39100186F84 /* Debug */,
				065E49142A57A39100186F84 /* Release */,
			);
			defaultConfigurationIsVisible = 0;
			defaultConfigurationName = Release;
		};
/* End XCConfigurationList section */
	};
	rootObject = 065E48F62A57A38F00186F84 /* Project object */;
}
